bitbucket.org/creachadair/stringset v0.0.9 h1:L4vld9nzPt90UZNrXjNelTshD74ps4P5NGs3Iq6yN3o=
bitbucket.org/creachadair/stringset v0.0.9/go.mod h1:t+4WcQ4+PXTa8aQdNKe40ZP6iwesoMFWAxPGd3UGjyY=
github.com/BurntSushi/toml v0.3.1/go.mod h1:xHWCNGjB5oqiDr8zfno3MHue2Ht5sIBksp03qcyfWMU=
github.com/creachadair/staticfile v0.1.3/go.mod h1:a3qySzCIXEprDGxk6tSxSI+dBBdLzqeBOMhZ+o2d3pM=
github.com/google/subcommands v1.2.0 h1:vWQspBTo2nEqTUFita5/KeEWlUL8kQObDFbub/EN9oE=
github.com/google/subcommands v1.2.0/go.mod h1:ZjhPrFU+Olkh9WazFPsl27BQ4UPiG37m3yTrtFlrHVk=
github.com/looplab/tarjan v0.1.0 h1:LycVSLuqFNb6S/RKau7inixXD0K45fTlZ0Zy9WTtwzw=
github.com/looplab/tarjan v0.1.0/go.mod h1:3CvPAapzS1ESsE1ql7MXbad+ENQS21SsfatXQpXFqEo=
